
Microsoft Visual Studio Solution File, Format Version 12.00
# Visual Studio 15
VisualStudioVersion = 15.0.28307.572
MinimumVisualStudioVersion = 10.0.40219.1
Project("{FAE04EC0-301F-11D3-BF4B-00C04F79EFBC}") = "xamarin_studies.Android", "xamarin_studies\xamarin_studies.Android\xamarin_studies.Android.csproj", "{02C02CB2-F15B-46DF-B24F-8FDD2E88BBA0}"
EndProject
Project("{FAE04EC0-301F-11D3-BF4B-00C04F79EFBC}") = "xamarin_studies.iOS", "xamarin_studies\xamarin_studies.iOS\xamarin_studies.iOS.csproj", "{D0F18924-6B92-4BC2-87E3-2D1499016055}"
EndProject
Project("{FAE04EC0-301F-11D3-BF4B-00C04F79EFBC}") = "xamarin_studies.UWP", "xamarin_studies\xamarin_studies.UWP\xamarin_studies.UWP.csproj", "{A0A1DFB5-15EF-4C68-8A1F-B69C8EC99911}"
EndProject
Project("{FAE04EC0-301F-11D3-BF4B-00C04F79EFBC}") = "xamarin_studies", "xamarin_studies\xamarin_studies\xamarin_studies.csproj", "{10E836FA-02A0-4B75-98C7-5948EFA7B2CA}"
EndProject
Global
	GlobalSection(SolutionConfigurationPlatforms) = preSolution
		Ad-Hoc|Any CPU = Ad-Hoc|Any CPU
		Ad-Hoc|ARM = Ad-Hoc|ARM
		Ad-Hoc|iPhone = Ad-Hoc|iPhone
		Ad-Hoc|iPhoneSimulator = Ad-Hoc|iPhoneSimulator
		Ad-Hoc|x64 = Ad-Hoc|x64
		Ad-Hoc|x86 = Ad-Hoc|x86
		AppStore|Any CPU = AppStore|Any CPU
		AppStore|ARM = AppStore|ARM
		AppStore|iPhone = AppStore|iPhone
		AppStore|iPhoneSimulator = AppStore|iPhoneSimulator
		AppStore|x64 = AppStore|x64
		AppStore|x86 = AppStore|x86
		Debug|Any CPU = Debug|Any CPU
		Debug|ARM = Debug|ARM
		Debug|iPhone = Debug|iPhone
		Debug|iPhoneSimulator = Debug|iPhoneSimulator
		Debug|x64 = Debug|x64
		Debug|x86 = Debug|x86
		Release|Any CPU = Release|Any CPU
		Release|ARM = Release|ARM
		Release|iPhone = Release|iPhone
		Release|iPhoneSimulator = Release|iPhoneSimulator
		Release|x64 = Release|x64
		Release|x86 = Release|x86
	EndGlobalSection
	GlobalSection(ProjectConfigurationPlatforms) = postSolution
		{02C02CB2-F15B-46DF-B24F-8FDD2E88BBA0}.Ad-Hoc|Any CPU.ActiveCfg = Release|Any CPU
		{02C02CB2-F15B-46DF-B24F-8FDD2E88BBA0}.Ad-Hoc|Any CPU.Build.0 = Release|Any CPU
		{02C02CB2-F15B-46DF-B24F-8FDD2E88BBA0}.Ad-Hoc|Any CPU.Deploy.0 = Release|Any CPU
		{02C02CB2-F15B-46DF-B24F-8FDD2E88BBA0}.Ad-Hoc|ARM.ActiveCfg = Release|Any CPU
		{02C02CB2-F15B-46DF-B24F-8FDD2E88BBA0}.Ad-Hoc|ARM.Build.0 = Release|Any CPU
		{02C02CB2-F15B-46DF-B24F-8FDD2E88BBA0}.Ad-Hoc|ARM.Deploy.0 = Release|Any CPU
		{02C02CB2-F15B-46DF-B24F-8FDD2E88BBA0}.Ad-Hoc|iPhone.ActiveCfg = Release|Any CPU
		{02C02CB2-F15B-46DF-B24F-8FDD2E88BBA0}.Ad-Hoc|iPhone.Build.0 = Release|Any CPU
		{02C02CB2-F15B-46DF-B24F-8FDD2E88BBA0}.Ad-Hoc|iPhone.Deploy.0 = Release|Any CPU
		{02C02CB2-F15B-46DF-B24F-8FDD2E88BBA0}.Ad-Hoc|iPhoneSimulator.ActiveCfg = Release|Any CPU
		{02C02CB2-F15B-46DF-B24F-8FDD2E88BBA0}.Ad-Hoc|iPhoneSimulator.Build.0 = Release|Any CPU
		{02C02CB2-F15B-46DF-B24F-8FDD2E88BBA0}.Ad-Hoc|iPhoneSimulator.Deploy.0 = Release|Any CPU
		{02C02CB2-F15B-46DF-B24F-8FDD2E88BBA0}.Ad-Hoc|x64.ActiveCfg = Release|Any CPU
		{02C02CB2-F15B-46DF-B24F-8FDD2E88BBA0}.Ad-Hoc|x64.Build.0 = Release|Any CPU
		{02C02CB2-F15B-46DF-B24F-8FDD2E88BBA0}.Ad-Hoc|x64.Deploy.0 = Release|Any CPU
		{02C02CB2-F15B-46DF-B24F-8FDD2E88BBA0}.Ad-Hoc|x86.ActiveCfg = Release|Any CPU
		{02C02CB2-F15B-46DF-B24F-8FDD2E88BBA0}.Ad-Hoc|x86.Build.0 = Release|Any CPU
		{02C02CB2-F15B-46DF-B24F-8FDD2E88BBA0}.Ad-Hoc|x86.Deploy.0 = Release|Any CPU
		{02C02CB2-F15B-46DF-B24F-8FDD2E88BBA0}.AppStore|Any CPU.ActiveCfg = Release|Any CPU
		{02C02CB2-F15B-46DF-B24F-8FDD2E88BBA0}.AppStore|Any CPU.Build.0 = Release|Any CPU
		{02C02CB2-F15B-46DF-B24F-8FDD2E88BBA0}.AppStore|Any CPU.Deploy.0 = Release|Any CPU
		{02C02CB2-F15B-46DF-B24F-8FDD2E88BBA0}.AppStore|ARM.ActiveCfg = Release|Any CPU
		{02C02CB2-F15B-46DF-B24F-8FDD2E88BBA0}.AppStore|ARM.Build.0 = Release|Any CPU
		{02C02CB2-F15B-46DF-B24F-8FDD2E88BBA0}.AppStore|ARM.Deploy.0 = Release|Any CPU
		{02C02CB2-F15B-46DF-B24F-8FDD2E88BBA0}.AppStore|iPhone.ActiveCfg = Release|Any CPU
		{02C02CB2-F15B-46DF-B24F-8FDD2E88BBA0}.AppStore|iPhone.Build.0 = Release|Any CPU
		{02C02CB2-F15B-46DF-B24F-8FDD2E88BBA0}.AppStore|iPhone.Deploy.0 = Release|Any CPU
		{02C02CB2-F15B-46DF-B24F-8FDD2E88BBA0}.AppStore|iPhoneSimulator.ActiveCfg = Release|Any CPU
		{02C02CB2-F15B-46DF-B24F-8FDD2E88BBA0}.AppStore|iPhoneSimulator.Build.0 = Release|Any CPU
		{02C02CB2-F15B-46DF-B24F-8FDD2E88BBA0}.AppStore|iPhoneSimulator.Deploy.0 = Release|Any CPU
		{02C02CB2-F15B-46DF-B24F-8FDD2E88BBA0}.AppStore|x64.ActiveCfg = Release|Any CPU
		{02C02CB2-F15B-46DF-B24F-8FDD2E88BBA0}.AppStore|x64.Build.0 = Release|Any CPU
		{02C02CB2-F15B-46DF-B24F-8FDD2E88BBA0}.AppStore|x64.Deploy.0 = Release|Any CPU
		{02C02CB2-F15B-46DF-B24F-8FDD2E88BBA0}.AppStore|x86.ActiveCfg = Release|Any CPU
		{02C02CB2-F15B-46DF-B24F-8FDD2E88BBA0}.AppStore|x86.Build.0 = Release|Any CPU
		{02C02CB2-F15B-46DF-B24F-8FDD2E88BBA0}.AppStore|x86.Deploy.0 = Release|Any CPU
		{02C02CB2-F15B-46DF-B24F-8FDD2E88BBA0}.Debug|Any CPU.ActiveCfg = Debug|Any CPU
		{02C02CB2-F15B-46DF-B24F-8FDD2E88BBA0}.Debug|Any CPU.Build.0 = Debug|Any CPU
		{02C02CB2-F15B-46DF-B24F-8FDD2E88BBA0}.Debug|Any CPU.Deploy.0 = Debug|Any CPU
		{02C02CB2-F15B-46DF-B24F-8FDD2E88BBA0}.Debug|ARM.ActiveCfg = Debug|Any CPU
		{02C02CB2-F15B-46DF-B24F-8FDD2E88BBA0}.Debug|ARM.Build.0 = Debug|Any CPU
		{02C02CB2-F15B-46DF-B24F-8FDD2E88BBA0}.Debug|ARM.Deploy.0 = Debug|Any CPU
		{02C02CB2-F15B-46DF-B24F-8FDD2E88BBA0}.Debug|iPhone.ActiveCfg = Debug|Any CPU
		{02C02CB2-F15B-46DF-B24F-8FDD2E88BBA0}.Debug|iPhone.Build.0 = Debug|Any CPU
		{02C02CB2-F15B-46DF-B24F-8FDD2E88BBA0}.Debug|iPhone.Deploy.0 = Debug|Any CPU
		{02C02CB2-F15B-46DF-B24F-8FDD2E88BBA0}.Debug|iPhoneSimulator.ActiveCfg = Debug|Any CPU
		{02C02CB2-F15B-46DF-B24F-8FDD2E88BBA0}.Debug|iPhoneSimulator.Build.0 = Debug|Any CPU
		{02C02CB2-F15B-46DF-B24F-8FDD2E88BBA0}.Debug|iPhoneSimulator.Deploy.0 = Debug|Any CPU
		{02C02CB2-F15B-46DF-B24F-8FDD2E88BBA0}.Debug|x64.ActiveCfg = Debug|Any CPU
		{02C02CB2-F15B-46DF-B24F-8FDD2E88BBA0}.Debug|x64.Build.0 = Debug|Any CPU
		{02C02CB2-F15B-46DF-B24F-8FDD2E88BBA0}.Debug|x64.Deploy.0 = Debug|Any CPU
		{02C02CB2-F15B-46DF-B24F-8FDD2E88BBA0}.Debug|x86.ActiveCfg = Debug|Any CPU
		{02C02CB2-F15B-46DF-B24F-8FDD2E88BBA0}.Debug|x86.Build.0 = Debug|Any CPU
		{02C02CB2-F15B-46DF-B24F-8FDD2E88BBA0}.Debug|x86.Deploy.0 = Debug|Any CPU
		{02C02CB2-F15B-46DF-B24F-8FDD2E88BBA0}.Release|Any CPU.ActiveCfg = Release|Any CPU
		{02C02CB2-F15B-46DF-B24F-8FDD2E88BBA0}.Release|Any CPU.Build.0 = Release|Any CPU
		{02C02CB2-F15B-46DF-B24F-8FDD2E88BBA0}.Release|Any CPU.Deploy.0 = Release|Any CPU
		{02C02CB2-F15B-46DF-B24F-8FDD2E88BBA0}.Release|ARM.ActiveCfg = Release|Any CPU
		{02C02CB2-F15B-46DF-B24F-8FDD2E88BBA0}.Release|ARM.Build.0 = Release|Any CPU
		{02C02CB2-F15B-46DF-B24F-8FDD2E88BBA0}.Release|ARM.Deploy.0 = Release|Any CPU
		{02C02CB2-F15B-46DF-B24F-8FDD2E88BBA0}.Release|iPhone.ActiveCfg = Release|Any CPU
		{02C02CB2-F15B-46DF-B24F-8FDD2E88BBA0}.Release|iPhone.Build.0 = Release|Any CPU
		{02C02CB2-F15B-46DF-B24F-8FDD2E88BBA0}.Release|iPhone.Deploy.0 = Release|Any CPU
		{02C02CB2-F15B-46DF-B24F-8FDD2E88BBA0}.Release|iPhoneSimulator.ActiveCfg = Release|Any CPU
		{02C02CB2-F15B-46DF-B24F-8FDD2E88BBA0}.Release|iPhoneSimulator.Build.0 = Release|Any CPU
		{02C02CB2-F15B-46DF-B24F-8FDD2E88BBA0}.Release|iPhoneSimulator.Deploy.0 = Release|Any CPU
		{02C02CB2-F15B-46DF-B24F-8FDD2E88BBA0}.Release|x64.ActiveCfg = Release|Any CPU
		{02C02CB2-F15B-46DF-B24F-8FDD2E88BBA0}.Release|x64.Build.0 = Release|Any CPU
		{02C02CB2-F15B-46DF-B24F-8FDD2E88BBA0}.Release|x64.Deploy.0 = Release|Any CPU
		{02C02CB2-F15B-46DF-B24F-8FDD2E88BBA0}.Release|x86.ActiveCfg = Release|Any CPU
		{02C02CB2-F15B-46DF-B24F-8FDD2E88BBA0}.Release|x86.Build.0 = Release|Any CPU
		{02C02CB2-F15B-46DF-B24F-8FDD2E88BBA0}.Release|x86.Deploy.0 = Release|Any CPU
		{D0F18924-6B92-4BC2-87E3-2D1499016055}.Ad-Hoc|Any CPU.ActiveCfg = Ad-Hoc|iPhone
		{D0F18924-6B92-4BC2-87E3-2D1499016055}.Ad-Hoc|Any CPU.Build.0 = Ad-Hoc|iPhone
		{D0F18924-6B92-4BC2-87E3-2D1499016055}.Ad-Hoc|Any CPU.Deploy.0 = Ad-Hoc|iPhone
		{D0F18924-6B92-4BC2-87E3-2D1499016055}.Ad-Hoc|ARM.ActiveCfg = Ad-Hoc|iPhone
		{D0F18924-6B92-4BC2-87E3-2D1499016055}.Ad-Hoc|ARM.Build.0 = Ad-Hoc|iPhone
		{D0F18924-6B92-4BC2-87E3-2D1499016055}.Ad-Hoc|ARM.Deploy.0 = Ad-Hoc|iPhone
		{D0F18924-6B92-4BC2-87E3-2D1499016055}.Ad-Hoc|iPhone.ActiveCfg = Ad-Hoc|iPhone
		{D0F18924-6B92-4BC2-87E3-2D1499016055}.Ad-Hoc|iPhone.Build.0 = Ad-Hoc|iPhone
		{D0F18924-6B92-4BC2-87E3-2D1499016055}.Ad-Hoc|iPhone.Deploy.0 = Ad-Hoc|iPhone
		{D0F18924-6B92-4BC2-87E3-2D1499016055}.Ad-Hoc|iPhoneSimulator.ActiveCfg = Ad-Hoc|iPhoneSimulator
		{D0F18924-6B92-4BC2-87E3-2D1499016055}.Ad-Hoc|iPhoneSimulator.Build.0 = Ad-Hoc|iPhoneSimulator
		{D0F18924-6B92-4BC2-87E3-2D1499016055}.Ad-Hoc|iPhoneSimulator.Deploy.0 = Ad-Hoc|iPhoneSimulator
		{D0F18924-6B92-4BC2-87E3-2D1499016055}.Ad-Hoc|x64.ActiveCfg = Ad-Hoc|iPhone
		{D0F18924-6B92-4BC2-87E3-2D1499016055}.Ad-Hoc|x64.Build.0 = Ad-Hoc|iPhone
		{D0F18924-6B92-4BC2-87E3-2D1499016055}.Ad-Hoc|x64.Deploy.0 = Ad-Hoc|iPhone
		{D0F18924-6B92-4BC2-87E3-2D1499016055}.Ad-Hoc|x86.ActiveCfg = Ad-Hoc|iPhone
		{D0F18924-6B92-4BC2-87E3-2D1499016055}.Ad-Hoc|x86.Build.0 = Ad-Hoc|iPhone
		{D0F18924-6B92-4BC2-87E3-2D1499016055}.Ad-Hoc|x86.Deploy.0 = Ad-Hoc|iPhone
		{D0F18924-6B92-4BC2-87E3-2D1499016055}.AppStore|Any CPU.ActiveCfg = AppStore|iPhone
		{D0F18924-6B92-4BC2-87E3-2D1499016055}.AppStore|Any CPU.Build.0 = AppStore|iPhone
		{D0F18924-6B92-4BC2-87E3-2D1499016055}.AppStore|Any CPU.Deploy.0 = AppStore|iPhone
		{D0F18924-6B92-4BC2-87E3-2D1499016055}.AppStore|ARM.ActiveCfg = AppStore|iPhone
		{D0F18924-6B92-4BC2-87E3-2D1499016055}.AppStore|ARM.Build.0 = AppStore|iPhone
		{D0F18924-6B92-4BC2-87E3-2D1499016055}.AppStore|ARM.Deploy.0 = AppStore|iPhone
		{D0F18924-6B92-4BC2-87E3-2D1499016055}.AppStore|iPhone.ActiveCfg = AppStore|iPhone
		{D0F18924-6B92-4BC2-87E3-2D1499016055}.AppStore|iPhone.Build.0 = AppStore|iPhone
		{D0F18924-6B92-4BC2-87E3-2D1499016055}.AppStore|iPhone.Deploy.0 = AppStore|iPhone
		{D0F18924-6B92-4BC2-87E3-2D1499016055}.AppStore|iPhoneSimulator.ActiveCfg = AppStore|iPhoneSimulator
		{D0F18924-6B92-4BC2-87E3-2D1499016055}.AppStore|iPhoneSimulator.Build.0 = AppStore|iPhoneSimulator
		{D0F18924-6B92-4BC2-87E3-2D1499016055}.AppStore|iPhoneSimulator.Deploy.0 = AppStore|iPhoneSimulator
		{D0F18924-6B92-4BC2-87E3-2D1499016055}.AppStore|x64.ActiveCfg = AppStore|iPhone
		{D0F18924-6B92-4BC2-87E3-2D1499016055}.AppStore|x64.Build.0 = AppStore|iPhone
		{D0F18924-6B92-4BC2-87E3-2D1499016055}.AppStore|x64.Deploy.0 = AppStore|iPhone
		{D0F18924-6B92-4BC2-87E3-2D1499016055}.AppStore|x86.ActiveCfg = AppStore|iPhone
		{D0F18924-6B92-4BC2-87E3-2D1499016055}.AppStore|x86.Build.0 = AppStore|iPhone
		{D0F18924-6B92-4BC2-87E3-2D1499016055}.AppStore|x86.Deploy.0 = AppStore|iPhone
		{D0F18924-6B92-4BC2-87E3-2D1499016055}.Debug|Any CPU.ActiveCfg = Debug|iPhoneSimulator
		{D0F18924-6B92-4BC2-87E3-2D1499016055}.Debug|Any CPU.Build.0 = Debug|iPhoneSimulator
		{D0F18924-6B92-4BC2-87E3-2D1499016055}.Debug|Any CPU.Deploy.0 = Debug|iPhoneSimulator
		{D0F18924-6B92-4BC2-87E3-2D1499016055}.Debug|ARM.ActiveCfg = Debug|iPhone
		{D0F18924-6B92-4BC2-87E3-2D1499016055}.Debug|ARM.Build.0 = Debug|iPhone
		{D0F18924-6B92-4BC2-87E3-2D1499016055}.Debug|ARM.Deploy.0 = Debug|iPhone
		{D0F18924-6B92-4BC2-87E3-2D1499016055}.Debug|iPhone.ActiveCfg = Debug|iPhone
		{D0F18924-6B92-4BC2-87E3-2D1499016055}.Debug|iPhone.Build.0 = Debug|iPhone
		{D0F18924-6B92-4BC2-87E3-2D1499016055}.Debug|iPhone.Deploy.0 = Debug|iPhone
		{D0F18924-6B92-4BC2-87E3-2D1499016055}.Debug|iPhoneSimulator.ActiveCfg = Debug|iPhoneSimulator
		{D0F18924-6B92-4BC2-87E3-2D1499016055}.Debug|iPhoneSimulator.Build.0 = Debug|iPhoneSimulator
		{D0F18924-6B92-4BC2-87E3-2D1499016055}.Debug|iPhoneSimulator.Deploy.0 = Debug|iPhoneSimulator
		{D0F18924-6B92-4BC2-87E3-2D1499016055}.Debug|x64.ActiveCfg = Debug|iPhone
		{D0F18924-6B92-4BC2-87E3-2D1499016055}.Debug|x64.Build.0 = Debug|iPhone
		{D0F18924-6B92-4BC2-87E3-2D1499016055}.Debug|x64.Deploy.0 = Debug|iPhone
		{D0F18924-6B92-4BC2-87E3-2D1499016055}.Debug|x86.ActiveCfg = Debug|iPhone
		{D0F18924-6B92-4BC2-87E3-2D1499016055}.Debug|x86.Build.0 = Debug|iPhone
		{D0F18924-6B92-4BC2-87E3-2D1499016055}.Debug|x86.Deploy.0 = Debug|iPhone
		{D0F18924-6B92-4BC2-87E3-2D1499016055}.Release|Any CPU.ActiveCfg = Release|iPhone
		{D0F18924-6B92-4BC2-87E3-2D1499016055}.Release|Any CPU.Build.0 = Release|iPhone
		{D0F18924-6B92-4BC2-87E3-2D1499016055}.Release|Any CPU.Deploy.0 = Release|iPhone
		{D0F18924-6B92-4BC2-87E3-2D1499016055}.Release|ARM.ActiveCfg = Release|iPhone
		{D0F18924-6B92-4BC2-87E3-2D1499016055}.Release|ARM.Build.0 = Release|iPhone
		{D0F18924-6B92-4BC2-87E3-2D1499016055}.Release|ARM.Deploy.0 = Release|iPhone
		{D0F18924-6B92-4BC2-87E3-2D1499016055}.Release|iPhone.ActiveCfg = Release|iPhone
		{D0F18924-6B92-4BC2-87E3-2D1499016055}.Release|iPhone.Build.0 = Release|iPhone
		{D0F18924-6B92-4BC2-87E3-2D1499016055}.Release|iPhone.Deploy.0 = Release|iPhone
		{D0F18924-6B92-4BC2-87E3-2D1499016055}.Release|iPhoneSimulator.ActiveCfg = Release|iPhoneSimulator
		{D0F18924-6B92-4BC2-87E3-2D1499016055}.Release|iPhoneSimulator.Build.0 = Release|iPhoneSimulator
		{D0F18924-6B92-4BC2-87E3-2D1499016055}.Release|iPhoneSimulator.Deploy.0 = Release|iPhoneSimulator
		{D0F18924-6B92-4BC2-87E3-2D1499016055}.Release|x64.ActiveCfg = Release|iPhone
		{D0F18924-6B92-4BC2-87E3-2D1499016055}.Release|x64.Build.0 = Release|iPhone
		{D0F18924-6B92-4BC2-87E3-2D1499016055}.Release|x64.Deploy.0 = Release|iPhone
		{D0F18924-6B92-4BC2-87E3-2D1499016055}.Release|x86.ActiveCfg = Release|iPhone
		{D0F18924-6B92-4BC2-87E3-2D1499016055}.Release|x86.Build.0 = Release|iPhone
		{D0F18924-6B92-4BC2-87E3-2D1499016055}.Release|x86.Deploy.0 = Release|iPhone
		{A0A1DFB5-15EF-4C68-8A1F-B69C8EC99911}.Ad-Hoc|Any CPU.ActiveCfg = Release|x86
		{A0A1DFB5-15EF-4C68-8A1F-B69C8EC99911}.Ad-Hoc|Any CPU.Build.0 = Release|x86
		{A0A1DFB5-15EF-4C68-8A1F-B69C8EC99911}.Ad-Hoc|Any CPU.Deploy.0 = Release|x86
		{A0A1DFB5-15EF-4C68-8A1F-B69C8EC99911}.Ad-Hoc|ARM.ActiveCfg = Release|ARM
		{A0A1DFB5-15EF-4C68-8A1F-B69C8EC99911}.Ad-Hoc|ARM.Build.0 = Release|ARM
		{A0A1DFB5-15EF-4C68-8A1F-B69C8EC99911}.Ad-Hoc|ARM.Deploy.0 = Release|ARM
		{A0A1DFB5-15EF-4C68-8A1F-B69C8EC99911}.Ad-Hoc|iPhone.ActiveCfg = Release|x86
		{A0A1DFB5-15EF-4C68-8A1F-B69C8EC99911}.Ad-Hoc|iPhone.Build.0 = Release|x86
		{A0A1DFB5-15EF-4C68-8A1F-B69C8EC99911}.Ad-Hoc|iPhone.Deploy.0 = Release|x86
		{A0A1DFB5-15EF-4C68-8A1F-B69C8EC99911}.Ad-Hoc|iPhoneSimulator.ActiveCfg = Release|x86
		{A0A1DFB5-15EF-4C68-8A1F-B69C8EC99911}.Ad-Hoc|iPhoneSimulator.Build.0 = Release|x86
		{A0A1DFB5-15EF-4C68-8A1F-B69C8EC99911}.Ad-Hoc|iPhoneSimulator.Deploy.0 = Release|x86
		{A0A1DFB5-15EF-4C68-8A1F-B69C8EC99911}.Ad-Hoc|x64.ActiveCfg = Release|x64
		{A0A1DFB5-15EF-4C68-8A1F-B69C8EC99911}.Ad-Hoc|x64.Build.0 = Release|x64
		{A0A1DFB5-15EF-4C68-8A1F-B69C8EC99911}.Ad-Hoc|x64.Deploy.0 = Release|x64
		{A0A1DFB5-15EF-4C68-8A1F-B69C8EC99911}.Ad-Hoc|x86.ActiveCfg = Release|x86
		{A0A1DFB5-15EF-4C68-8A1F-B69C8EC99911}.Ad-Hoc|x86.Build.0 = Release|x86
		{A0A1DFB5-15EF-4C68-8A1F-B69C8EC99911}.Ad-Hoc|x86.Deploy.0 = Release|x86
		{A0A1DFB5-15EF-4C68-8A1F-B69C8EC99911}.AppStore|Any CPU.ActiveCfg = Release|x86
		{A0A1DFB5-15EF-4C68-8A1F-B69C8EC99911}.AppStore|Any CPU.Build.0 = Release|x86
		{A0A1DFB5-15EF-4C68-8A1F-B69C8EC99911}.AppStore|Any CPU.Deploy.0 = Release|x86
		{A0A1DFB5-15EF-4C68-8A1F-B69C8EC99911}.AppStore|ARM.ActiveCfg = Release|ARM
		{A0A1DFB5-15EF-4C68-8A1F-B69C8EC99911}.AppStore|ARM.Build.0 = Release|ARM
		{A0A1DFB5-15EF-4C68-8A1F-B69C8EC99911}.AppStore|ARM.Deploy.0 = Release|ARM
		{A0A1DFB5-15EF-4C68-8A1F-B69C8EC99911}.AppStore|iPhone.ActiveCfg = Release|x86
		{A0A1DFB5-15EF-4C68-8A1F-B69C8EC99911}.AppStore|iPhone.Build.0 = Release|x86
		{A0A1DFB5-15EF-4C68-8A1F-B69C8EC99911}.AppStore|iPhone.Deploy.0 = Release|x86
		{A0A1DFB5-15EF-4C68-8A1F-B69C8EC99911}.AppStore|iPhoneSimulator.ActiveCfg = Release|x86
		{A0A1DFB5-15EF-4C68-8A1F-B69C8EC99911}.AppStore|iPhoneSimulator.Build.0 = Release|x86
		{A0A1DFB5-15EF-4C68-8A1F-B69C8EC99911}.AppStore|iPhoneSimulator.Deploy.0 = Release|x86
		{A0A1DFB5-15EF-4C68-8A1F-B69C8EC99911}.AppStore|x64.ActiveCfg = Release|x64
		{A0A1DFB5-15EF-4C68-8A1F-B69C8EC99911}.AppStore|x64.Build.0 = Release|x64
		{A0A1DFB5-15EF-4C68-8A1F-B69C8EC99911}.AppStore|x64.Deploy.0 = Release|x64
		{A0A1DFB5-15EF-4C68-8A1F-B69C8EC99911}.AppStore|x86.ActiveCfg = Release|x86
		{A0A1DFB5-15EF-4C68-8A1F-B69C8EC99911}.AppStore|x86.Build.0 = Release|x86
		{A0A1DFB5-15EF-4C68-8A1F-B69C8EC99911}.AppStore|x86.Deploy.0 = Release|x86
		{A0A1DFB5-15EF-4C68-8A1F-B69C8EC99911}.Debug|Any CPU.ActiveCfg = Debug|x86
		{A0A1DFB5-15EF-4C68-8A1F-B69C8EC99911}.Debug|Any CPU.Build.0 = Debug|x86
		{A0A1DFB5-15EF-4C68-8A1F-B69C8EC99911}.Debug|Any CPU.Deploy.0 = Debug|x86
		{A0A1DFB5-15EF-4C68-8A1F-B69C8EC99911}.Debug|ARM.ActiveCfg = Debug|ARM
		{A0A1DFB5-15EF-4C68-8A1F-B69C8EC99911}.Debug|ARM.Build.0 = Debug|ARM
		{A0A1DFB5-15EF-4C68-8A1F-B69C8EC99911}.Debug|ARM.Deploy.0 = Debug|ARM
		{A0A1DFB5-15EF-4C68-8A1F-B69C8EC99911}.Debug|iPhone.ActiveCfg = Debug|x86
		{A0A1DFB5-15EF-4C68-8A1F-B69C8EC99911}.Debug|iPhone.Build.0 = Debug|x86
		{A0A1DFB5-15EF-4C68-8A1F-B69C8EC99911}.Debug|iPhone.Deploy.0 = Debug|x86
		{A0A1DFB5-15EF-4C68-8A1F-B69C8EC99911}.Debug|iPhoneSimulator.ActiveCfg = Debug|x86
		{A0A1DFB5-15EF-4C68-8A1F-B69C8EC99911}.Debug|iPhoneSimulator.Build.0 = Debug|x86
		{A0A1DFB5-15EF-4C68-8A1F-B69C8EC99911}.Debug|iPhoneSimulator.Deploy.0 = Debug|x86
		{A0A1DFB5-15EF-4C68-8A1F-B69C8EC99911}.Debug|x64.ActiveCfg = Debug|x64
		{A0A1DFB5-15EF-4C68-8A1F-B69C8EC99911}.Debug|x64.Build.0 = Debug|x64
		{A0A1DFB5-15EF-4C68-8A1F-B69C8EC99911}.Debug|x64.Deploy.0 = Debug|x64
		{A0A1DFB5-15EF-4C68-8A1F-B69C8EC99911}.Debug|x86.ActiveCfg = Debug|x86
		{A0A1DFB5-15EF-4C68-8A1F-B69C8EC99911}.Debug|x86.Build.0 = Debug|x86
		{A0A1DFB5-15EF-4C68-8A1F-B69C8EC99911}.Debug|x86.Deploy.0 = Debug|x86
		{A0A1DFB5-15EF-4C68-8A1F-B69C8EC99911}.Release|Any CPU.ActiveCfg = Release|x86
		{A0A1DFB5-15EF-4C68-8A1F-B69C8EC99911}.Release|Any CPU.Build.0 = Release|x86
		{A0A1DFB5-15EF-4C68-8A1F-B69C8EC99911}.Release|Any CPU.Deploy.0 = Release|x86
		{A0A1DFB5-15EF-4C68-8A1F-B69C8EC99911}.Release|ARM.ActiveCfg = Release|ARM
		{A0A1DFB5-15EF-4C68-8A1F-B69C8EC99911}.Release|ARM.Build.0 = Release|ARM
		{A0A1DFB5-15EF-4C68-8A1F-B69C8EC99911}.Release|ARM.Deploy.0 = Release|ARM
		{A0A1DFB5-15EF-4C68-8A1F-B69C8EC99911}.Release|iPhone.ActiveCfg = Release|x86
		{A0A1DFB5-15EF-4C68-8A1F-B69C8EC99911}.Release|iPhone.Build.0 = Release|x86
		{A0A1DFB5-15EF-4C68-8A1F-B69C8EC99911}.Release|iPhone.Deploy.0 = Release|x86
		{A0A1DFB5-15EF-4C68-8A1F-B69C8EC99911}.Release|iPhoneSimulator.ActiveCfg = Release|x86
		{A0A1DFB5-15EF-4C68-8A1F-B69C8EC99911}.Release|iPhoneSimulator.Build.0 = Release|x86
		{A0A1DFB5-15EF-4C68-8A1F-B69C8EC99911}.Release|iPhoneSimulator.Deploy.0 = Release|x86
		{A0A1DFB5-15EF-4C68-8A1F-B69C8EC99911}.Release|x64.ActiveCfg = Release|x64
		{A0A1DFB5-15EF-4C68-8A1F-B69C8EC99911}.Release|x64.Build.0 = Release|x64
		{A0A1DFB5-15EF-4C68-8A1F-B69C8EC99911}.Release|x64.Deploy.0 = Release|x64
		{A0A1DFB5-15EF-4C68-8A1F-B69C8EC99911}.Release|x86.ActiveCfg = Release|x86
		{A0A1DFB5-15EF-4C68-8A1F-B69C8EC99911}.Release|x86.Build.0 = Release|x86
		{A0A1DFB5-15EF-4C68-8A1F-B69C8EC99911}.Release|x86.Deploy.0 = Release|x86
		{10E836FA-02A0-4B75-98C7-5948EFA7B2CA}.Ad-Hoc|Any CPU.ActiveCfg = Debug|Any CPU
		{10E836FA-02A0-4B75-98C7-5948EFA7B2CA}.Ad-Hoc|Any CPU.Build.0 = Debug|Any CPU
		{10E836FA-02A0-4B75-98C7-5948EFA7B2CA}.Ad-Hoc|Any CPU.Deploy.0 = Debug|Any CPU
		{10E836FA-02A0-4B75-98C7-5948EFA7B2CA}.Ad-Hoc|ARM.ActiveCfg = Debug|Any CPU
		{10E836FA-02A0-4B75-98C7-5948EFA7B2CA}.Ad-Hoc|ARM.Build.0 = Debug|Any CPU
		{10E836FA-02A0-4B75-98C7-5948EFA7B2CA}.Ad-Hoc|ARM.Deploy.0 = Debug|Any CPU
		{10E836FA-02A0-4B75-98C7-5948EFA7B2CA}.Ad-Hoc|iPhone.ActiveCfg = Debug|Any CPU
		{10E836FA-02A0-4B75-98C7-5948EFA7B2CA}.Ad-Hoc|iPhone.Build.0 = Debug|Any CPU
		{10E836FA-02A0-4B75-98C7-5948EFA7B2CA}.Ad-Hoc|iPhone.Deploy.0 = Debug|Any CPU
		{10E836FA-02A0-4B75-98C7-5948EFA7B2CA}.Ad-Hoc|iPhoneSimulator.ActiveCfg = Debug|Any CPU
		{10E836FA-02A0-4B75-98C7-5948EFA7B2CA}.Ad-Hoc|iPhoneSimulator.Build.0 = Debug|Any CPU
		{10E836FA-02A0-4B75-98C7-5948EFA7B2CA}.Ad-Hoc|iPhoneSimulator.Deploy.0 = Debug|Any CPU
		{10E836FA-02A0-4B75-98C7-5948EFA7B2CA}.Ad-Hoc|x64.ActiveCfg = Debug|Any CPU
		{10E836FA-02A0-4B75-98C7-5948EFA7B2CA}.Ad-Hoc|x64.Build.0 = Debug|Any CPU
		{10E836FA-02A0-4B75-98C7-5948EFA7B2CA}.Ad-Hoc|x64.Deploy.0 = Debug|Any CPU
		{10E836FA-02A0-4B75-98C7-5948EFA7B2CA}.Ad-Hoc|x86.ActiveCfg = Debug|Any CPU
		{10E836FA-02A0-4B75-98C7-5948EFA7B2CA}.Ad-Hoc|x86.Build.0 = Debug|Any CPU
		{10E836FA-02A0-4B75-98C7-5948EFA7B2CA}.Ad-Hoc|x86.Deploy.0 = Debug|Any CPU
		{10E836FA-02A0-4B75-98C7-5948EFA7B2CA}.AppStore|Any CPU.ActiveCfg = Debug|Any CPU
		{10E836FA-02A0-4B75-98C7-5948EFA7B2CA}.AppStore|Any CPU.Build.0 = Debug|Any CPU
		{10E836FA-02A0-4B75-98C7-5948EFA7B2CA}.AppStore|Any CPU.Deploy.0 = Debug|Any CPU
		{10E836FA-02A0-4B75-98C7-5948EFA7B2CA}.AppStore|ARM.ActiveCfg = Debug|Any CPU
		{10E836FA-02A0-4B75-98C7-5948EFA7B2CA}.AppStore|ARM.Build.0 = Debug|Any CPU
		{10E836FA-02A0-4B75-98C7-5948EFA7B2CA}.AppStore|ARM.Deploy.0 = Debug|Any CPU
		{10E836FA-02A0-4B75-98C7-5948EFA7B2CA}.AppStore|iPhone.ActiveCfg = Debug|Any CPU
		{10E836FA-02A0-4B75-98C7-5948EFA7B2CA}.AppStore|iPhone.Build.0 = Debug|Any CPU
		{10E836FA-02A0-4B75-98C7-5948EFA7B2CA}.AppStore|iPhone.Deploy.0 = Debug|Any CPU
		{10E836FA-02A0-4B75-98C7-5948EFA7B2CA}.AppStore|iPhoneSimulator.ActiveCfg = Debug|Any CPU
		{10E836FA-02A0-4B75-98C7-5948EFA7B2CA}.AppStore|iPhoneSimulator.Build.0 = Debug|Any CPU
		{10E836FA-02A0-4B75-98C7-5948EFA7B2CA}.AppStore|iPhoneSimulator.Deploy.0 = Debug|Any CPU
		{10E836FA-02A0-4B75-98C7-5948EFA7B2CA}.AppStore|x64.ActiveCfg = Debug|Any CPU
		{10E836FA-02A0-4B75-98C7-5948EFA7B2CA}.AppStore|x64.Build.0 = Debug|Any CPU
		{10E836FA-02A0-4B75-98C7-5948EFA7B2CA}.AppStore|x64.Deploy.0 = Debug|Any CPU
		{10E836FA-02A0-4B75-98C7-5948EFA7B2CA}.AppStore|x86.ActiveCfg = Debug|Any CPU
		{10E836FA-02A0-4B75-98C7-5948EFA7B2CA}.AppStore|x86.Build.0 = Debug|Any CPU
		{10E836FA-02A0-4B75-98C7-5948EFA7B2CA}.AppStore|x86.Deploy.0 = Debug|Any CPU
		{10E836FA-02A0-4B75-98C7-5948EFA7B2CA}.Debug|Any CPU.ActiveCfg = Debug|Any CPU
		{10E836FA-02A0-4B75-98C7-5948EFA7B2CA}.Debug|Any CPU.Build.0 = Debug|Any CPU
		{10E836FA-02A0-4B75-98C7-5948EFA7B2CA}.Debug|Any CPU.Deploy.0 = Debug|Any CPU
		{10E836FA-02A0-4B75-98C7-5948EFA7B2CA}.Debug|ARM.ActiveCfg = Debug|Any CPU
		{10E836FA-02A0-4B75-98C7-5948EFA7B2CA}.Debug|ARM.Build.0 = Debug|Any CPU
		{10E836FA-02A0-4B75-98C7-5948EFA7B2CA}.Debug|ARM.Deploy.0 = Debug|Any CPU
		{10E836FA-02A0-4B75-98C7-5948EFA7B2CA}.Debug|iPhone.ActiveCfg = Debug|Any CPU
		{10E836FA-02A0-4B75-98C7-5948EFA7B2CA}.Debug|iPhone.Build.0 = Debug|Any CPU
		{10E836FA-02A0-4B75-98C7-5948EFA7B2CA}.Debug|iPhone.Deploy.0 = Debug|Any CPU
		{10E836FA-02A0-4B75-98C7-5948EFA7B2CA}.Debug|iPhoneSimulator.ActiveCfg = Debug|Any CPU
		{10E836FA-02A0-4B75-98C7-5948EFA7B2CA}.Debug|iPhoneSimulator.Build.0 = Debug|Any CPU
		{10E836FA-02A0-4B75-98C7-5948EFA7B2CA}.Debug|iPhoneSimulator.Deploy.0 = Debug|Any CPU
		{10E836FA-02A0-4B75-98C7-5948EFA7B2CA}.Debug|x64.ActiveCfg = Debug|Any CPU
		{10E836FA-02A0-4B75-98C7-5948EFA7B2CA}.Debug|x64.Build.0 = Debug|Any CPU
		{10E836FA-02A0-4B75-98C7-5948EFA7B2CA}.Debug|x64.Deploy.0 = Debug|Any CPU
		{10E836FA-02A0-4B75-98C7-5948EFA7B2CA}.Debug|x86.ActiveCfg = Debug|Any CPU
		{10E836FA-02A0-4B75-98C7-5948EFA7B2CA}.Debug|x86.Build.0 = Debug|Any CPU
		{10E836FA-02A0-4B75-98C7-5948EFA7B2CA}.Debug|x86.Deploy.0 = Debug|Any CPU
		{10E836FA-02A0-4B75-98C7-5948EFA7B2CA}.Release|Any CPU.ActiveCfg = Release|Any CPU
		{10E836FA-02A0-4B75-98C7-5948EFA7B2CA}.Release|Any CPU.Build.0 = Release|Any CPU
		{10E836FA-02A0-4B75-98C7-5948EFA7B2CA}.Release|Any CPU.Deploy.0 = Release|Any CPU
		{10E836FA-02A0-4B75-98C7-5948EFA7B2CA}.Release|ARM.ActiveCfg = Release|Any CPU
		{10E836FA-02A0-4B75-98C7-5948EFA7B2CA}.Release|ARM.Build.0 = Release|Any CPU
		{10E836FA-02A0-4B75-98C7-5948EFA7B2CA}.Release|ARM.Deploy.0 = Release|Any CPU
		{10E836FA-02A0-4B75-98C7-5948EFA7B2CA}.Release|iPhone.ActiveCfg = Release|Any CPU
		{10E836FA-02A0-4B75-98C7-5948EFA7B2CA}.Release|iPhone.Build.0 = Release|Any CPU
		{10E836FA-02A0-4B75-98C7-5948EFA7B2CA}.Release|iPhone.Deploy.0 = Release|Any CPU
		{10E836FA-02A0-4B75-98C7-5948EFA7B2CA}.Release|iPhoneSimulator.ActiveCfg = Release|Any CPU
		{10E836FA-02A0-4B75-98C7-5948EFA7B2CA}.Release|iPhoneSimulator.Build.0 = Release|Any CPU
		{10E836FA-02A0-4B75-98C7-5948EFA7B2CA}.Release|iPhoneSimulator.Deploy.0 = Release|Any CPU
		{10E836FA-02A0-4B75-98C7-5948EFA7B2CA}.Release|x64.ActiveCfg = Release|Any CPU
		{10E836FA-02A0-4B75-98C7-5948EFA7B2CA}.Release|x64.Build.0 = Release|Any CPU
		{10E836FA-02A0-4B75-98C7-5948EFA7B2CA}.Release|x64.Deploy.0 = Release|Any CPU
		{10E836FA-02A0-4B75-98C7-5948EFA7B2CA}.Release|x86.ActiveCfg = Release|Any CPU
		{10E836FA-02A0-4B75-98C7-5948EFA7B2CA}.Release|x86.Build.0 = Release|Any CPU
		{10E836FA-02A0-4B75-98C7-5948EFA7B2CA}.Release|x86.Deploy.0 = Release|Any CPU
	EndGlobalSection
	GlobalSection(SolutionProperties) = preSolution
		HideSolutionNode = FALSE
	EndGlobalSection
	GlobalSection(ExtensibilityGlobals) = postSolution
		SolutionGuid = {59E2AAB9-DFEE-47FD-BB32-A672E8647ED0}
	EndGlobalSection
EndGlobal
